
Microsoft Visual Studio Solution File, Format Version 12.00
# Visual Studio Version 17
VisualStudioVersion = 17.0.32112.339
MinimumVisualStudioVersion = 10.0.40219.1
Project("{FAE04EC0-301F-11D3-BF4B-00C04F79EFBC}") = "Diamantes", "Diamantes\Diamantes.csproj", "{ECD50B1D-44FC-4472-B409-E3C56EA30EF4}"
EndProject
Project("{FAE04EC0-301F-11D3-BF4B-00C04F79EFBC}") = "teste", "teste\teste.csproj", "{928425AD-0A07-4100-9760-EB11D54A1F30}"
EndProject
Global
	GlobalSection(SolutionConfigurationPlatforms) = preSolution
		Debug|Any CPU = Debug|Any CPU
		Release|Any CPU = Release|Any CPU
	EndGlobalSection
	GlobalSection(ProjectConfigurationPlatforms) = postSolution
		{ECD50B1D-44FC-4472-B409-E3C56EA30EF4}.Debug|Any CPU.ActiveCfg = Debug|Any CPU
		{ECD50B1D-44FC-4472-B409-E3C56EA30EF4}.Debug|Any CPU.Build.0 = Debug|Any CPU
		{ECD50B1D-44FC-4472-B409-E3C56EA30EF4}.Release|Any CPU.ActiveCfg = Release|Any CPU
		{ECD50B1D-44FC-4472-B409-E3C56EA30EF4}.Release|Any CPU.Build.0 = Release|Any CPU
		{928425AD-0A07-4100-9760-EB11D54A1F30}.Debug|Any CPU.ActiveCfg = Debug|Any CPU
		{928425AD-0A07-4100-9760-EB11D54A1F30}.Debug|Any CPU.Build.0 = Debug|Any CPU
		{928425AD-0A07-4100-9760-EB11D54A1F30}.Release|Any CPU.ActiveCfg = Release|Any CPU
		{928425AD-0A07-4100-9760-EB11D54A1F30}.Release|Any CPU.Build.0 = Release|Any CPU
	EndGlobalSection
	GlobalSection(SolutionProperties) = preSolution
		HideSolutionNode = FALSE
	EndGlobalSection
	GlobalSection(ExtensibilityGlobals) = postSolution
		SolutionGuid = {8770CB5E-443B-48FF-95E0-3439127B776F}
	EndGlobalSection
EndGlobal
